
Microsoft Visual Studio Solution File, Format Version 12.00
# Visual Studio Version 16
VisualStudioVersion = 16.0.30406.217
MinimumVisualStudioVersion = 10.0.40219.1
Project("{FAE04EC0-301F-11D3-BF4B-00C04F79EFBC}") = "DataStore.Server", "DataStore.Server.csproj", "{98EB58DA-D812-4FAF-BFA0-4EB50F6400B2}"
EndProject
Project("{FAE04EC0-301F-11D3-BF4B-00C04F79EFBC}") = "DataStore.Client", "..\DataStore.Client\DataStore.Client.csproj", "{80CE586E-12A4-4302-9B49-58F7F0672C7B}"
EndProject
Project("{FAE04EC0-301F-11D3-BF4B-00C04F79EFBC}") = "DataStore.Extension", "..\DataStore.Extension\DataStore.Extension.csproj", "{C2559BF7-FDC1-46DD-848F-A56A712BF5D3}"
EndProject
Project("{FAE04EC0-301F-11D3-BF4B-00C04F79EFBC}") = "DataStore.DataModel", "..\DataStore.DataModel\DataStore.DataModel.csproj", "{B740CC6C-914A-4BCA-9BE3-D38381D115C6}"
EndProject
Global
	GlobalSection(SolutionConfigurationPlatforms) = preSolution
		Debug|Any CPU = Debug|Any CPU
		Release|Any CPU = Release|Any CPU
	EndGlobalSection
	GlobalSection(ProjectConfigurationPlatforms) = postSolution
		{98EB58DA-D812-4FAF-BFA0-4EB50F6400B2}.Debug|Any CPU.ActiveCfg = Debug|Any CPU
		{98EB58DA-D812-4FAF-BFA0-4EB50F6400B2}.Debug|Any CPU.Build.0 = Debug|Any CPU
		{98EB58DA-D812-4FAF-BFA0-4EB50F6400B2}.Release|Any CPU.ActiveCfg = Release|Any CPU
		{98EB58DA-D812-4FAF-BFA0-4EB50F6400B2}.Release|Any CPU.Build.0 = Release|Any CPU
		{80CE586E-12A4-4302-9B49-58F7F0672C7B}.Debug|Any CPU.ActiveCfg = Debug|Any CPU
		{80CE586E-12A4-4302-9B49-58F7F0672C7B}.Debug|Any CPU.Build.0 = Debug|Any CPU
		{80CE586E-12A4-4302-9B49-58F7F0672C7B}.Release|Any CPU.ActiveCfg = Release|Any CPU
		{80CE586E-12A4-4302-9B49-58F7F0672C7B}.Release|Any CPU.Build.0 = Release|Any CPU
		{C2559BF7-FDC1-46DD-848F-A56A712BF5D3}.Debug|Any CPU.ActiveCfg = Debug|Any CPU
		{C2559BF7-FDC1-46DD-848F-A56A712BF5D3}.Debug|Any CPU.Build.0 = Debug|Any CPU
		{C2559BF7-FDC1-46DD-848F-A56A712BF5D3}.Release|Any CPU.ActiveCfg = Release|Any CPU
		{C2559BF7-FDC1-46DD-848F-A56A712BF5D3}.Release|Any CPU.Build.0 = Release|Any CPU
		{B740CC6C-914A-4BCA-9BE3-D38381D115C6}.Debug|Any CPU.ActiveCfg = Debug|Any CPU
		{B740CC6C-914A-4BCA-9BE3-D38381D115C6}.Debug|Any CPU.Build.0 = Debug|Any CPU
		{B740CC6C-914A-4BCA-9BE3-D38381D115C6}.Release|Any CPU.ActiveCfg = Release|Any CPU
		{B740CC6C-914A-4BCA-9BE3-D38381D115C6}.Release|Any CPU.Build.0 = Release|Any CPU
	EndGlobalSection
	GlobalSection(SolutionProperties) = preSolution
		HideSolutionNode = FALSE
	EndGlobalSection
	GlobalSection(ExtensibilityGlobals) = postSolution
		SolutionGuid = {F1F50B78-09D6-4B12-AC7B-2249D51C3295}
	EndGlobalSection
EndGlobal
